
Microsoft Visual Studio Solution File, Format Version 12.00
# Visual Studio Version 16
VisualStudioVersion = 16.0.30128.36
MinimumVisualStudioVersion = 10.0.40219.1
Project("{8BC9CEB8-8B4A-11D0-8D11-00A0C91BC942}") = "The Great Machine", "The Great Machine.vcxproj", "{BAF01730-09DF-409E-B922-2CFBAFF9368B}"
EndProject
Global
	GlobalSection(SolutionConfigurationPlatforms) = preSolution
		Debug|x64 = Debug|x64
		Debug|x86 = Debug|x86
		Release|x64 = Release|x64
		Release|x86 = Release|x86
	EndGlobalSection
	GlobalSection(ProjectConfigurationPlatforms) = postSolution
		{BAF01730-09DF-409E-B922-2CFBAFF9368B}.Debug|x64.ActiveCfg = Debug|x64
		{BAF01730-09DF-409E-B922-2CFBAFF9368B}.Debug|x64.Build.0 = Debug|x64
		{BAF01730-09DF-409E-B922-2CFBAFF9368B}.Debug|x86.ActiveCfg = Debug|Win32
		{BAF01730-09DF-409E-B922-2CFBAFF9368B}.Debug|x86.Build.0 = Debug|Win32
		{BAF01730-09DF-409E-B922-2CFBAFF9368B}.Release|x64.ActiveCfg = Release|x64
		{BAF01730-09DF-409E-B922-2CFBAFF9368B}.Release|x64.Build.0 = Release|x64
		{BAF01730-09DF-409E-B922-2CFBAFF9368B}.Release|x86.ActiveCfg = Release|Win32
		{BAF01730-09DF-409E-B922-2CFBAFF9368B}.Release|x86.Build.0 = Release|Win32
	EndGlobalSection
	GlobalSection(SolutionProperties) = preSolution
		HideSolutionNode = FALSE
	EndGlobalSection
	GlobalSection(ExtensibilityGlobals) = postSolution
		SolutionGuid = {DFA861AE-F6BB-4217-AD3E-D7B51986E1BF}
	EndGlobalSection
EndGlobal
